
Microsoft Visual Studio Solution File, Format Version 12.00
Project("{FAE04EC0-301F-11D3-BF4B-00C04F79EFBC}") = "RobsDogs", "RobsDogs\RobsDogs.csproj", "{437820F6-DAEF-4ED2-A69A-9A87FDECB583}"
EndProject
Project("{FAE04EC0-301F-11D3-BF4B-00C04F79EFBC}") = "RobsDogs.Tests", "RobsDogs.Tests\RobsDogs.Tests.csproj", "{7F067624-604D-43A8-86F6-C5ACDBE54728}"
EndProject
Global
	GlobalSection(SolutionConfigurationPlatforms) = preSolution
		Debug|Any CPU = Debug|Any CPU
		Release|Any CPU = Release|Any CPU
	EndGlobalSection
	GlobalSection(ProjectConfigurationPlatforms) = postSolution
		{437820F6-DAEF-4ED2-A69A-9A87FDECB583}.Debug|Any CPU.ActiveCfg = Debug|Any CPU
		{437820F6-DAEF-4ED2-A69A-9A87FDECB583}.Debug|Any CPU.Build.0 = Debug|Any CPU
		{437820F6-DAEF-4ED2-A69A-9A87FDECB583}.Release|Any CPU.ActiveCfg = Release|Any CPU
		{437820F6-DAEF-4ED2-A69A-9A87FDECB583}.Release|Any CPU.Build.0 = Release|Any CPU
		{7F067624-604D-43A8-86F6-C5ACDBE54728}.Debug|Any CPU.ActiveCfg = Debug|Any CPU
		{7F067624-604D-43A8-86F6-C5ACDBE54728}.Debug|Any CPU.Build.0 = Debug|Any CPU
		{7F067624-604D-43A8-86F6-C5ACDBE54728}.Release|Any CPU.ActiveCfg = Release|Any CPU
		{7F067624-604D-43A8-86F6-C5ACDBE54728}.Release|Any CPU.Build.0 = Release|Any CPU
	EndGlobalSection
EndGlobal
